// !$*UTF8*$!
{
	archiveVersion = 1;
	classes = {
	};
	objectVersion = 48;
	objects = {

/* Begin PBXBuildFile section */
		668044DA20730BF300DB7BC0 /* ProfileViewController.swift in Sources */ = {isa = PBXBuildFile; fileRef = 668044D920730BF300DB7BC0 /* ProfileViewController.swift */; };
		668044DC207319B000DB7BC0 /* SinglePlaceViewController.swift in Sources */ = {isa = PBXBuildFile; fileRef = 668044DB207319B000DB7BC0 /* SinglePlaceViewController.swift */; };
		668044E7207394C400DB7BC0 /* batllo.jpg in Resources */ = {isa = PBXBuildFile; fileRef = 668044DD207394C200DB7BC0 /* batllo.jpg */; };
		668044E8207394C400DB7BC0 /* cosmocaixa.jpg in Resources */ = {isa = PBXBuildFile; fileRef = 668044DE207394C300DB7BC0 /* cosmocaixa.jpg */; };
		668044E9207394C400DB7BC0 /* aquarium.png in Resources */ = {isa = PBXBuildFile; fileRef = 668044DF207394C300DB7BC0 /* aquarium.png */; };
		668044EA207394C400DB7BC0 /* modernisme.jpg in Resources */ = {isa = PBXBuildFile; fileRef = 668044E0207394C300DB7BC0 /* modernisme.jpg */; };
		668044EB207394C400DB7BC0 /* guell.jpg in Resources */ = {isa = PBXBuildFile; fileRef = 668044E1207394C300DB7BC0 /* guell.jpg */; };
		668044EC207394C400DB7BC0 /* portaventura.jpg in Resources */ = {isa = PBXBuildFile; fileRef = 668044E2207394C300DB7BC0 /* portaventura.jpg */; };
		668044ED207394C400DB7BC0 /* egipcio.png in Resources */ = {isa = PBXBuildFile; fileRef = 668044E3207394C300DB7BC0 /* egipcio.png */; };
		668044EE207394C400DB7BC0 /* picasso.png in Resources */ = {isa = PBXBuildFile; fileRef = 668044E4207394C400DB7BC0 /* picasso.png */; };
		668044EF207394C400DB7BC0 /* sagradafamilia.png in Resources */ = {isa = PBXBuildFile; fileRef = 668044E5207394C400DB7BC0 /* sagradafamilia.png */; };
		668044F0207394C400DB7BC0 /* xocolata.png in Resources */ = {isa = PBXBuildFile; fileRef = 668044E6207394C400DB7BC0 /* xocolata.png */; };
		6692E3A6205EEB3C0049E30C /* DbSingleton.swift in Sources */ = {isa = PBXBuildFile; fileRef = 6692E3A5205EEB3C0049E30C /* DbSingleton.swift */; };
		6692E3A8205EF1860049E30C /* DAO.swift in Sources */ = {isa = PBXBuildFile; fileRef = 6692E3A7205EF1860049E30C /* DAO.swift */; };
		6692E3AA205EF2FD0049E30C /* DAOFactory.swift in Sources */ = {isa = PBXBuildFile; fileRef = 6692E3A9205EF2FD0049E30C /* DAOFactory.swift */; };
		6692E3AC205EF5B90049E30C /* User.swift in Sources */ = {isa = PBXBuildFile; fileRef = 6692E3AB205EF5B90049E30C /* User.swift */; };
		6692E3AE205EF5C60049E30C /* UserManager.swift in Sources */ = {isa = PBXBuildFile; fileRef = 6692E3AD205EF5C60049E30C /* UserManager.swift */; };
		6692E3B0205EF5D20049E30C /* Place.swift in Sources */ = {isa = PBXBuildFile; fileRef = 6692E3AF205EF5D20049E30C /* Place.swift */; };
		6692E3B2205EF5E10049E30C /* Ticket.swift in Sources */ = {isa = PBXBuildFile; fileRef = 6692E3B1205EF5E10049E30C /* Ticket.swift */; };
		6692E3B4205EF5EB0049E30C /* TicketManager.swift in Sources */ = {isa = PBXBuildFile; fileRef = 6692E3B3205EF5EB0049E30C /* TicketManager.swift */; };
		6692E3B6205F03600049E30C /* UserDAO.swift in Sources */ = {isa = PBXBuildFile; fileRef = 6692E3B5205F03600049E30C /* UserDAO.swift */; };
		6692E3B8205F04BC0049E30C /* TicketDAO.swift in Sources */ = {isa = PBXBuildFile; fileRef = 6692E3B7205F04BC0049E30C /* TicketDAO.swift */; };
		6692E3BA205F05FE0049E30C /* PlaceDAO.swift in Sources */ = {isa = PBXBuildFile; fileRef = 6692E3B9205F05FE0049E30C /* PlaceDAO.swift */; };
		6692E3BC205F06080049E30C /* PlaceManager.swift in Sources */ = {isa = PBXBuildFile; fileRef = 6692E3BB205F06080049E30C /* PlaceManager.swift */; };
		6692E3BE205F39C10049E30C /* RegisterViewController.swift in Sources */ = {isa = PBXBuildFile; fileRef = 6692E3BD205F39C10049E30C /* RegisterViewController.swift */; };
		EF3CC448205AB90900A6CB47 /* AppDelegate.swift in Sources */ = {isa = PBXBuildFile; fileRef = EF3CC447205AB90900A6CB47 /* AppDelegate.swift */; };
		EF3CC44A205AB90900A6CB47 /* PlacesViewController.swift in Sources */ = {isa = PBXBuildFile; fileRef = EF3CC449205AB90900A6CB47 /* PlacesViewController.swift */; };
		EF3CC44C205AB90900A6CB47 /* TicketsViewController.swift in Sources */ = {isa = PBXBuildFile; fileRef = EF3CC44B205AB90900A6CB47 /* TicketsViewController.swift */; };
		EF3CC44F205AB90900A6CB47 /* Main.storyboard in Resources */ = {isa = PBXBuildFile; fileRef = EF3CC44D205AB90900A6CB47 /* Main.storyboard */; };
		EF3CC451205AB90900A6CB47 /* Assets.xcassets in Resources */ = {isa = PBXBuildFile; fileRef = EF3CC450205AB90900A6CB47 /* Assets.xcassets */; };
		EF3CC454205AB90900A6CB47 /* LaunchScreen.storyboard in Resources */ = {isa = PBXBuildFile; fileRef = EF3CC452205AB90900A6CB47 /* LaunchScreen.storyboard */; };
		EF3CC45F205ABBDA00A6CB47 /* libsqlite3.tbd in Frameworks */ = {isa = PBXBuildFile; fileRef = EF3CC45E205ABBDA00A6CB47 /* libsqlite3.tbd */; };
		EF3CC4D6205ABD8300A6CB47 /* FMDatabaseQueue.m in Sources */ = {isa = PBXBuildFile; fileRef = EF3CC4CB205ABD8200A6CB47 /* FMDatabaseQueue.m */; };
		EF3CC4D7205ABD8300A6CB47 /* FMDatabasePool.m in Sources */ = {isa = PBXBuildFile; fileRef = EF3CC4CC205ABD8200A6CB47 /* FMDatabasePool.m */; };
		EF3CC4D8205ABD8300A6CB47 /* Info.plist in Resources */ = {isa = PBXBuildFile; fileRef = EF3CC4CE205ABD8200A6CB47 /* Info.plist */; };
		EF3CC4D9205ABD8300A6CB47 /* FMDatabaseAdditions.m in Sources */ = {isa = PBXBuildFile; fileRef = EF3CC4D0205ABD8200A6CB47 /* FMDatabaseAdditions.m */; };
		EF3CC4DA205ABD8300A6CB47 /* FMResultSet.m in Sources */ = {isa = PBXBuildFile; fileRef = EF3CC4D4205ABD8300A6CB47 /* FMResultSet.m */; };
		EF3CC4DB205ABD8300A6CB47 /* FMDatabase.m in Sources */ = {isa = PBXBuildFile; fileRef = EF3CC4D5205ABD8300A6CB47 /* FMDatabase.m */; };
		EF3CC4DD205AC14900A6CB47 /* LoginViewController.swift in Sources */ = {isa = PBXBuildFile; fileRef = EF3CC4DC205AC14900A6CB47 /* LoginViewController.swift */; };
		EF3CC4E2205ACC0200A6CB47 /* salleplaces.db in Resources */ = {isa = PBXBuildFile; fileRef = EF3CC4E1205ACC0200A6CB47 /* salleplaces.db */; };
/* End PBXBuildFile section */

/* Begin PBXFileReference section */
		668044D920730BF300DB7BC0 /* ProfileViewController.swift */ = {isa = PBXFileReference; lastKnownFileType = sourcecode.swift; path = ProfileViewController.swift; sourceTree = "<group>"; };
		668044DB207319B000DB7BC0 /* SinglePlaceViewController.swift */ = {isa = PBXFileReference; lastKnownFileType = sourcecode.swift; path = SinglePlaceViewController.swift; sourceTree = "<group>"; };
		668044DD207394C200DB7BC0 /* batllo.jpg */ = {isa = PBXFileReference; lastKnownFileType = image.jpeg; path = batllo.jpg; sourceTree = "<group>"; };
		668044DE207394C300DB7BC0 /* cosmocaixa.jpg */ = {isa = PBXFileReference; lastKnownFileType = image.jpeg; path = cosmocaixa.jpg; sourceTree = "<group>"; };
		668044DF207394C300DB7BC0 /* aquarium.png */ = {isa = PBXFileReference; lastKnownFileType = image.png; path = aquarium.png; sourceTree = "<group>"; };
		668044E0207394C300DB7BC0 /* modernisme.jpg */ = {isa = PBXFileReference; lastKnownFileType = image.jpeg; path = modernisme.jpg; sourceTree = "<group>"; };
		668044E1207394C300DB7BC0 /* guell.jpg */ = {isa = PBXFileReference; lastKnownFileType = image.jpeg; path = guell.jpg; sourceTree = "<group>"; };
		668044E2207394C300DB7BC0 /* portaventura.jpg */ = {isa = PBXFileReference; lastKnownFileType = image.jpeg; path = portaventura.jpg; sourceTree = "<group>"; };
		668044E3207394C300DB7BC0 /* egipcio.png */ = {isa = PBXFileReference; lastKnownFileType = image.png; path = egipcio.png; sourceTree = "<group>"; };
		668044E4207394C400DB7BC0 /* picasso.png */ = {isa = PBXFileReference; lastKnownFileType = image.png; path = picasso.png; sourceTree = "<group>"; };
		668044E5207394C400DB7BC0 /* sagradafamilia.png */ = {isa = PBXFileReference; lastKnownFileType = image.png; path = sagradafamilia.png; sourceTree = "<group>"; };
		668044E6207394C400DB7BC0 /* xocolata.png */ = {isa = PBXFileReference; lastKnownFileType = image.png; path = xocolata.png; sourceTree = "<group>"; };
		6692E3A5205EEB3C0049E30C /* DbSingleton.swift */ = {isa = PBXFileReference; lastKnownFileType = sourcecode.swift; path = DbSingleton.swift; sourceTree = "<group>"; };
		6692E3A7205EF1860049E30C /* DAO.swift */ = {isa = PBXFileReference; lastKnownFileType = sourcecode.swift; path = DAO.swift; sourceTree = "<group>"; };
		6692E3A9205EF2FD0049E30C /* DAOFactory.swift */ = {isa = PBXFileReference; lastKnownFileType = sourcecode.swift; path = DAOFactory.swift; sourceTree = "<group>"; };
		6692E3AB205EF5B90049E30C /* User.swift */ = {isa = PBXFileReference; lastKnownFileType = sourcecode.swift; path = User.swift; sourceTree = "<group>"; };
		6692E3AD205EF5C60049E30C /* UserManager.swift */ = {isa = PBXFileReference; lastKnownFileType = sourcecode.swift; path = UserManager.swift; sourceTree = "<group>"; };
		6692E3AF205EF5D20049E30C /* Place.swift */ = {isa = PBXFileReference; lastKnownFileType = sourcecode.swift; path = Place.swift; sourceTree = "<group>"; };
		6692E3B1205EF5E10049E30C /* Ticket.swift */ = {isa = PBXFileReference; lastKnownFileType = sourcecode.swift; path = Ticket.swift; sourceTree = "<group>"; };
		6692E3B3205EF5EB0049E30C /* TicketManager.swift */ = {isa = PBXFileReference; lastKnownFileType = sourcecode.swift; path = TicketManager.swift; sourceTree = "<group>"; };
		6692E3B5205F03600049E30C /* UserDAO.swift */ = {isa = PBXFileReference; lastKnownFileType = sourcecode.swift; path = UserDAO.swift; sourceTree = "<group>"; };
		6692E3B7205F04BC0049E30C /* TicketDAO.swift */ = {isa = PBXFileReference; lastKnownFileType = sourcecode.swift; path = TicketDAO.swift; sourceTree = "<group>"; };
		6692E3B9205F05FE0049E30C /* PlaceDAO.swift */ = {isa = PBXFileReference; lastKnownFileType = sourcecode.swift; path = PlaceDAO.swift; sourceTree = "<group>"; };
		6692E3BB205F06080049E30C /* PlaceManager.swift */ = {isa = PBXFileReference; lastKnownFileType = sourcecode.swift; path = PlaceManager.swift; sourceTree = "<group>"; };
		6692E3BD205F39C10049E30C /* RegisterViewController.swift */ = {isa = PBXFileReference; lastKnownFileType = sourcecode.swift; path = RegisterViewController.swift; sourceTree = "<group>"; };
		EF3CC444205AB90900A6CB47 /* SallePlaces.app */ = {isa = PBXFileReference; explicitFileType = wrapper.application; includeInIndex = 0; path = SallePlaces.app; sourceTree = BUILT_PRODUCTS_DIR; };
		EF3CC447205AB90900A6CB47 /* AppDelegate.swift */ = {isa = PBXFileReference; lastKnownFileType = sourcecode.swift; path = AppDelegate.swift; sourceTree = "<group>"; };
		EF3CC449205AB90900A6CB47 /* PlacesViewController.swift */ = {isa = PBXFileReference; lastKnownFileType = sourcecode.swift; path = PlacesViewController.swift; sourceTree = "<group>"; };
		EF3CC44B205AB90900A6CB47 /* TicketsViewController.swift */ = {isa = PBXFileReference; lastKnownFileType = sourcecode.swift; path = TicketsViewController.swift; sourceTree = "<group>"; };
		EF3CC44E205AB90900A6CB47 /* Base */ = {isa = PBXFileReference; lastKnownFileType = file.storyboard; name = Base; path = Base.lproj/Main.storyboard; sourceTree = "<group>"; };
		EF3CC450205AB90900A6CB47 /* Assets.xcassets */ = {isa = PBXFileReference; lastKnownFileType = folder.assetcatalog; path = Assets.xcassets; sourceTree = "<group>"; };
		EF3CC453205AB90900A6CB47 /* Base */ = {isa = PBXFileReference; lastKnownFileType = file.storyboard; name = Base; path = Base.lproj/LaunchScreen.storyboard; sourceTree = "<group>"; };
		EF3CC455205AB90900A6CB47 /* Info.plist */ = {isa = PBXFileReference; lastKnownFileType = text.plist.xml; path = Info.plist; sourceTree = "<group>"; };
		EF3CC45E205ABBDA00A6CB47 /* libsqlite3.tbd */ = {isa = PBXFileReference; lastKnownFileType = "sourcecode.text-based-dylib-definition"; name = libsqlite3.tbd; path = usr/lib/libsqlite3.tbd; sourceTree = SDKROOT; };
		EF3CC4C9205ABD8100A6CB47 /* SallePlaces-Bridging-Header.h */ = {isa = PBXFileReference; lastKnownFileType = sourcecode.c.h; path = "SallePlaces-Bridging-Header.h"; sourceTree = "<group>"; };
		EF3CC4CA205ABD8200A6CB47 /* FMDatabaseAdditions.h */ = {isa = PBXFileReference; fileEncoding = 4; lastKnownFileType = sourcecode.c.h; path = FMDatabaseAdditions.h; sourceTree = "<group>"; };
		EF3CC4CB205ABD8200A6CB47 /* FMDatabaseQueue.m */ = {isa = PBXFileReference; fileEncoding = 4; lastKnownFileType = sourcecode.c.objc; path = FMDatabaseQueue.m; sourceTree = "<group>"; };
		EF3CC4CC205ABD8200A6CB47 /* FMDatabasePool.m */ = {isa = PBXFileReference; fileEncoding = 4; lastKnownFileType = sourcecode.c.objc; path = FMDatabasePool.m; sourceTree = "<group>"; };
		EF3CC4CD205ABD8200A6CB47 /* FMDatabaseQueue.h */ = {isa = PBXFileReference; fileEncoding = 4; lastKnownFileType = sourcecode.c.h; path = FMDatabaseQueue.h; sourceTree = "<group>"; };
		EF3CC4CE205ABD8200A6CB47 /* Info.plist */ = {isa = PBXFileReference; fileEncoding = 4; lastKnownFileType = text.plist.xml; path = Info.plist; sourceTree = "<group>"; };
		EF3CC4CF205ABD8200A6CB47 /* FMDatabase.h */ = {isa = PBXFileReference; fileEncoding = 4; lastKnownFileType = sourcecode.c.h; path = FMDatabase.h; sourceTree = "<group>"; };
		EF3CC4D0205ABD8200A6CB47 /* FMDatabaseAdditions.m */ = {isa = PBXFileReference; fileEncoding = 4; lastKnownFileType = sourcecode.c.objc; path = FMDatabaseAdditions.m; sourceTree = "<group>"; };
		EF3CC4D1205ABD8200A6CB47 /* FMResultSet.h */ = {isa = PBXFileReference; fileEncoding = 4; lastKnownFileType = sourcecode.c.h; path = FMResultSet.h; sourceTree = "<group>"; };
		EF3CC4D2205ABD8200A6CB47 /* FMDatabasePool.h */ = {isa = PBXFileReference; fileEncoding = 4; lastKnownFileType = sourcecode.c.h; path = FMDatabasePool.h; sourceTree = "<group>"; };
		EF3CC4D3205ABD8300A6CB47 /* FMDB.h */ = {isa = PBXFileReference; fileEncoding = 4; lastKnownFileType = sourcecode.c.h; path = FMDB.h; sourceTree = "<group>"; };
		EF3CC4D4205ABD8300A6CB47 /* FMResultSet.m */ = {isa = PBXFileReference; fileEncoding = 4; lastKnownFileType = sourcecode.c.objc; path = FMResultSet.m; sourceTree = "<group>"; };
		EF3CC4D5205ABD8300A6CB47 /* FMDatabase.m */ = {isa = PBXFileReference; fileEncoding = 4; lastKnownFileType = sourcecode.c.objc; path = FMDatabase.m; sourceTree = "<group>"; };
		EF3CC4DC205AC14900A6CB47 /* LoginViewController.swift */ = {isa = PBXFileReference; lastKnownFileType = sourcecode.swift; path = LoginViewController.swift; sourceTree = "<group>"; };
		EF3CC4E1205ACC0200A6CB47 /* salleplaces.db */ = {isa = PBXFileReference; lastKnownFileType = file; path = salleplaces.db; sourceTree = "<group>"; };
/* End PBXFileReference section */

/* Begin PBXFrameworksBuildPhase section */
		EF3CC441205AB90900A6CB47 /* Frameworks */ = {
			isa = PBXFrameworksBuildPhase;
			buildActionMask = 2147483647;
			files = (
				EF3CC45F205ABBDA00A6CB47 /* libsqlite3.tbd in Frameworks */,
			);
			runOnlyForDeploymentPostprocessing = 0;
		};
/* End PBXFrameworksBuildPhase section */

/* Begin PBXGroup section */
		668044F1207394FA00DB7BC0 /* images */ = {
			isa = PBXGroup;
			children = (
				668044DF207394C300DB7BC0 /* aquarium.png */,
				668044DD207394C200DB7BC0 /* batllo.jpg */,
				668044DE207394C300DB7BC0 /* cosmocaixa.jpg */,
				668044E3207394C300DB7BC0 /* egipcio.png */,
				668044E1207394C300DB7BC0 /* guell.jpg */,
				668044E0207394C300DB7BC0 /* modernisme.jpg */,
				668044E4207394C400DB7BC0 /* picasso.png */,
				668044E2207394C300DB7BC0 /* portaventura.jpg */,
				668044E5207394C400DB7BC0 /* sagradafamilia.png */,
				668044E6207394C400DB7BC0 /* xocolata.png */,
			);
			path = images;
			sourceTree = "<group>";
		};
		EF3CC43B205AB90900A6CB47 = {
			isa = PBXGroup;
			children = (
				EF3CC446205AB90900A6CB47 /* SallePlaces */,
				EF3CC445205AB90900A6CB47 /* Products */,
				EF3CC45D205ABBDA00A6CB47 /* Frameworks */,
				EF3CC4C9205ABD8100A6CB47 /* SallePlaces-Bridging-Header.h */,
			);
			sourceTree = "<group>";
		};
		EF3CC445205AB90900A6CB47 /* Products */ = {
			isa = PBXGroup;
			children = (
				EF3CC444205AB90900A6CB47 /* SallePlaces.app */,
			);
			name = Products;
			sourceTree = "<group>";
		};
		EF3CC446205AB90900A6CB47 /* SallePlaces */ = {
			isa = PBXGroup;
			children = (
				668044F1207394FA00DB7BC0 /* images */,
				EF3CC4DF205ACB9300A6CB47 /* fmdb */,
				EF3CC4E1205ACC0200A6CB47 /* salleplaces.db */,
				EF3CC447205AB90900A6CB47 /* AppDelegate.swift */,
				EF3CC449205AB90900A6CB47 /* PlacesViewController.swift */,
				EF3CC4DC205AC14900A6CB47 /* LoginViewController.swift */,
				6692E3BD205F39C10049E30C /* RegisterViewController.swift */,
				EF3CC44B205AB90900A6CB47 /* TicketsViewController.swift */,
				668044D920730BF300DB7BC0 /* ProfileViewController.swift */,
				668044DB207319B000DB7BC0 /* SinglePlaceViewController.swift */,
				EF3CC44D205AB90900A6CB47 /* Main.storyboard */,
				EF3CC450205AB90900A6CB47 /* Assets.xcassets */,
				EF3CC452205AB90900A6CB47 /* LaunchScreen.storyboard */,
				EF3CC455205AB90900A6CB47 /* Info.plist */,
				6692E3A5205EEB3C0049E30C /* DbSingleton.swift */,
				6692E3A7205EF1860049E30C /* DAO.swift */,
				6692E3A9205EF2FD0049E30C /* DAOFactory.swift */,
				6692E3AB205EF5B90049E30C /* User.swift */,
				6692E3AD205EF5C60049E30C /* UserManager.swift */,
				6692E3AF205EF5D20049E30C /* Place.swift */,
				6692E3B1205EF5E10049E30C /* Ticket.swift */,
				6692E3B3205EF5EB0049E30C /* TicketManager.swift */,
				6692E3B5205F03600049E30C /* UserDAO.swift */,
				6692E3B7205F04BC0049E30C /* TicketDAO.swift */,
				6692E3B9205F05FE0049E30C /* PlaceDAO.swift */,
				6692E3BB205F06080049E30C /* PlaceManager.swift */,
			);
			path = SallePlaces;
			sourceTree = "<group>";
		};
		EF3CC45D205ABBDA00A6CB47 /* Frameworks */ = {
			isa = PBXGroup;
			children = (
				EF3CC45E205ABBDA00A6CB47 /* libsqlite3.tbd */,
			);
			name = Frameworks;
			sourceTree = "<group>";
		};
		EF3CC4DF205ACB9300A6CB47 /* fmdb */ = {
			isa = PBXGroup;
			children = (
				EF3CC4CF205ABD8200A6CB47 /* FMDatabase.h */,
				EF3CC4D5205ABD8300A6CB47 /* FMDatabase.m */,
				EF3CC4CA205ABD8200A6CB47 /* FMDatabaseAdditions.h */,
				EF3CC4D0205ABD8200A6CB47 /* FMDatabaseAdditions.m */,
				EF3CC4D2205ABD8200A6CB47 /* FMDatabasePool.h */,
				EF3CC4CC205ABD8200A6CB47 /* FMDatabasePool.m */,
				EF3CC4CD205ABD8200A6CB47 /* FMDatabaseQueue.h */,
				EF3CC4CB205ABD8200A6CB47 /* FMDatabaseQueue.m */,
				EF3CC4D3205ABD8300A6CB47 /* FMDB.h */,
				EF3CC4D1205ABD8200A6CB47 /* FMResultSet.h */,
				EF3CC4D4205ABD8300A6CB47 /* FMResultSet.m */,
				EF3CC4CE205ABD8200A6CB47 /* Info.plist */,
			);
			name = fmdb;
			path = ../fmdb;
			sourceTree = "<group>";
		};
/* End PBXGroup section */

/* Begin PBXNativeTarget section */
		EF3CC443205AB90900A6CB47 /* SallePlaces */ = {
			isa = PBXNativeTarget;
			buildConfigurationList = EF3CC458205AB90A00A6CB47 /* Build configuration list for PBXNativeTarget "SallePlaces" */;
			buildPhases = (
				EF3CC440205AB90900A6CB47 /* Sources */,
				EF3CC441205AB90900A6CB47 /* Frameworks */,
				EF3CC442205AB90900A6CB47 /* Resources */,
			);
			buildRules = (
			);
			dependencies = (
			);
			name = SallePlaces;
			productName = SallePlaces;
			productReference = EF3CC444205AB90900A6CB47 /* SallePlaces.app */;
			productType = "com.apple.product-type.application";
		};
/* End PBXNativeTarget section */

/* Begin PBXProject section */
		EF3CC43C205AB90900A6CB47 /* Project object */ = {
			isa = PBXProject;
			attributes = {
				LastSwiftUpdateCheck = 0920;
				LastUpgradeCheck = 0920;
				ORGANIZATIONNAME = Alumne;
				TargetAttributes = {
					EF3CC443205AB90900A6CB47 = {
						CreatedOnToolsVersion = 9.2;
						LastSwiftMigration = 0920;
						ProvisioningStyle = Automatic;
					};
				};
			};
			buildConfigurationList = EF3CC43F205AB90900A6CB47 /* Build configuration list for PBXProject "SallePlaces" */;
			compatibilityVersion = "Xcode 8.0";
			developmentRegion = en;
			hasScannedForEncodings = 0;
			knownRegions = (
				en,
				Base,
			);
			mainGroup = EF3CC43B205AB90900A6CB47;
			productRefGroup = EF3CC445205AB90900A6CB47 /* Products */;
			projectDirPath = "";
			projectRoot = "";
			targets = (
				EF3CC443205AB90900A6CB47 /* SallePlaces */,
			);
		};
/* End PBXProject section */

/* Begin PBXResourcesBuildPhase section */
		EF3CC442205AB90900A6CB47 /* Resources */ = {
			isa = PBXResourcesBuildPhase;
			buildActionMask = 2147483647;
			files = (
				668044EC207394C400DB7BC0 /* portaventura.jpg in Resources */,
				EF3CC4D8205ABD8300A6CB47 /* Info.plist in Resources */,
				668044EB207394C400DB7BC0 /* guell.jpg in Resources */,
				EF3CC454205AB90900A6CB47 /* LaunchScreen.storyboard in Resources */,
				668044EA207394C400DB7BC0 /* modernisme.jpg in Resources */,
				EF3CC451205AB90900A6CB47 /* Assets.xcassets in Resources */,
				668044EE207394C400DB7BC0 /* picasso.png in Resources */,
				668044E8207394C400DB7BC0 /* cosmocaixa.jpg in Resources */,
				668044E9207394C400DB7BC0 /* aquarium.png in Resources */,
				668044F0207394C400DB7BC0 /* xocolata.png in Resources */,
				668044EF207394C400DB7BC0 /* sagradafamilia.png in Resources */,
				EF3CC44F205AB90900A6CB47 /* Main.storyboard in Resources */,
				EF3CC4E2205ACC0200A6CB47 /* salleplaces.db in Resources */,
				668044ED207394C400DB7BC0 /* egipcio.png in Resources */,
				668044E7207394C400DB7BC0 /* batllo.jpg in Resources */,
			);
			runOnlyForDeploymentPostprocessing = 0;
		};
/* End PBXResourcesBuildPhase section */

/* Begin PBXSourcesBuildPhase section */
		EF3CC440205AB90900A6CB47 /* Sources */ = {
			isa = PBXSourcesBuildPhase;
			buildActionMask = 2147483647;
			files = (
				668044DC207319B000DB7BC0 /* SinglePlaceViewController.swift in Sources */,
				6692E3AC205EF5B90049E30C /* User.swift in Sources */,
				6692E3BE205F39C10049E30C /* RegisterViewController.swift in Sources */,
				EF3CC4DD205AC14900A6CB47 /* LoginViewController.swift in Sources */,
				6692E3AE205EF5C60049E30C /* UserManager.swift in Sources */,
				EF3CC44C205AB90900A6CB47 /* TicketsViewController.swift in Sources */,
				6692E3B8205F04BC0049E30C /* TicketDAO.swift in Sources */,
				EF3CC4D6205ABD8300A6CB47 /* FMDatabaseQueue.m in Sources */,
				EF3CC4DA205ABD8300A6CB47 /* FMResultSet.m in Sources */,
				EF3CC4D7205ABD8300A6CB47 /* FMDatabasePool.m in Sources */,
				EF3CC448205AB90900A6CB47 /* AppDelegate.swift in Sources */,
				EF3CC44A205AB90900A6CB47 /* PlacesViewController.swift in Sources */,
				6692E3B0205EF5D20049E30C /* Place.swift in Sources */,
				6692E3BC205F06080049E30C /* PlaceManager.swift in Sources */,
				6692E3AA205EF2FD0049E30C /* DAOFactory.swift in Sources */,
				6692E3B2205EF5E10049E30C /* Ticket.swift in Sources */,
				668044DA20730BF300DB7BC0 /* ProfileViewController.swift in Sources */,
				6692E3B4205EF5EB0049E30C /* TicketManager.swift in Sources */,
				6692E3BA205F05FE0049E30C /* PlaceDAO.swift in Sources */,
				6692E3B6205F03600049E30C /* UserDAO.swift in Sources */,
				EF3CC4D9205ABD8300A6CB47 /* FMDatabaseAdditions.m in Sources */,
				6692E3A8205EF1860049E30C /* DAO.swift in Sources */,
				EF3CC4DB205ABD8300A6CB47 /* FMDatabase.m in Sources */,
				6692E3A6205EEB3C0049E30C /* DbSingleton.swift in Sources */,
			);
			runOnlyForDeploymentPostprocessing = 0;
		};
/* End PBXSourcesBuildPhase section */

/* Begin PBXVariantGroup section */
		EF3CC44D205AB90900A6CB47 /* Main.storyboard */ = {
			isa = PBXVariantGroup;
			children = (
				EF3CC44E205AB90900A6CB47 /* Base */,
			);
			name = Main.storyboard;
			sourceTree = "<group>";
		};
		EF3CC452205AB90900A6CB47 /* LaunchScreen.storyboard */ = {
			isa = PBXVariantGroup;
			children = (
				EF3CC453205AB90900A6CB47 /* Base */,
			);
			name = LaunchScreen.storyboard;
			sourceTree = "<group>";
		};
/* End PBXVariantGroup section */

/* Begin XCBuildConfiguration section */
		EF3CC456205AB90900A6CB47 /* Debug */ = {
			isa = XCBuildConfiguration;
			buildSettings = {
				ALWAYS_SEARCH_USER_PATHS = NO;
				CLANG_ANALYZER_NONNULL = YES;
				CLANG_ANALYZER_NUMBER_OBJECT_CONVERSION = YES_AGGRESSIVE;
				CLANG_CXX_LANGUAGE_STANDARD = "gnu++14";
				CLANG_CXX_LIBRARY = "libc++";
				CLANG_ENABLE_MODULES = YES;
				CLANG_ENABLE_OBJC_ARC = YES;
				CLANG_WARN_BLOCK_CAPTURE_AUTORELEASING = YES;
				CLANG_WARN_BOOL_CONVERSION = YES;
				CLANG_WARN_COMMA = YES;
				CLANG_WARN_CONSTANT_CONVERSION = YES;
				CLANG_WARN_DIRECT_OBJC_ISA_USAGE = YES_ERROR;
				CLANG_WARN_DOCUMENTATION_COMMENTS = YES;
				CLANG_WARN_EMPTY_BODY = YES;
				CLANG_WARN_ENUM_CONVERSION = YES;
				CLANG_WARN_INFINITE_RECURSION = YES;
				CLANG_WARN_INT_CONVERSION = YES;
				CLANG_WARN_NON_LITERAL_NULL_CONVERSION = YES;
				CLANG_WARN_OBJC_LITERAL_CONVERSION = YES;
				CLANG_WARN_OBJC_ROOT_CLASS = YES_ERROR;
				CLANG_WARN_RANGE_LOOP_ANALYSIS = YES;
				CLANG_WARN_STRICT_PROTOTYPES = YES;
				CLANG_WARN_SUSPICIOUS_MOVE = YES;
				CLANG_WARN_UNGUARDED_AVAILABILITY = YES_AGGRESSIVE;
				CLANG_WARN_UNREACHABLE_CODE = YES;
				CLANG_WARN__DUPLICATE_METHOD_MATCH = YES;
				CODE_SIGN_IDENTITY = "iPhone Developer";
				COPY_PHASE_STRIP = NO;
				DEBUG_INFORMATION_FORMAT = dwarf;
				ENABLE_STRICT_OBJC_MSGSEND = YES;
				ENABLE_TESTABILITY = YES;
				GCC_C_LANGUAGE_STANDARD = gnu11;
				GCC_DYNAMIC_NO_PIC = NO;
				GCC_NO_COMMON_BLOCKS = YES;
				GCC_OPTIMIZATION_LEVEL = 0;
				GCC_PREPROCESSOR_DEFINITIONS = (
					"DEBUG=1",
					"$(inherited)",
				);
				GCC_WARN_64_TO_32_BIT_CONVERSION = YES;
				GCC_WARN_ABOUT_RETURN_TYPE = YES_ERROR;
				GCC_WARN_UNDECLARED_SELECTOR = YES;
				GCC_WARN_UNINITIALIZED_AUTOS = YES_AGGRESSIVE;
				GCC_WARN_UNUSED_FUNCTION = YES;
				GCC_WARN_UNUSED_VARIABLE = YES;
				IPHONEOS_DEPLOYMENT_TARGET = 11.2;
				MTL_ENABLE_DEBUG_INFO = YES;
				ONLY_ACTIVE_ARCH = YES;
				SDKROOT = iphoneos;
				SWIFT_ACTIVE_COMPILATION_CONDITIONS = DEBUG;
				SWIFT_OPTIMIZATION_LEVEL = "-Onone";
			};
			name = Debug;
		};
		EF3CC457205AB90900A6CB47 /* Release */ = {
			isa = XCBuildConfiguration;
			buildSettings = {
				ALWAYS_SEARCH_USER_PATHS = NO;
				CLANG_ANALYZER_NONNULL = YES;
				CLANG_ANALYZER_NUMBER_OBJECT_CONVERSION = YES_AGGRESSIVE;
				CLANG_CXX_LANGUAGE_STANDARD = "gnu++14";
				CLANG_CXX_LIBRARY = "libc++";
				CLANG_ENABLE_MODULES = YES;
				CLANG_ENABLE_OBJC_ARC = YES;
				CLANG_WARN_BLOCK_CAPTURE_AUTORELEASING = YES;
				CLANG_WARN_BOOL_CONVERSION = YES;
				CLANG_WARN_COMMA = YES;
				CLANG_WARN_CONSTANT_CONVERSION = YES;
				CLANG_WARN_DIRECT_OBJC_ISA_USAGE = YES_ERROR;
				CLANG_WARN_DOCUMENTATION_COMMENTS = YES;
				CLANG_WARN_EMPTY_BODY = YES;
				CLANG_WARN_ENUM_CONVERSION = YES;
				CLANG_WARN_INFINITE_RECURSION = YES;
				CLANG_WARN_INT_CONVERSION = YES;
				CLANG_WARN_NON_LITERAL_NULL_CONVERSION = YES;
				CLANG_WARN_OBJC_LITERAL_CONVERSION = YES;
				CLANG_WARN_OBJC_ROOT_CLASS = YES_ERROR;
				CLANG_WARN_RANGE_LOOP_ANALYSIS = YES;
				CLANG_WARN_STRICT_PROTOTYPES = YES;
				CLANG_WARN_SUSPICIOUS_MOVE = YES;
				CLANG_WARN_UNGUARDED_AVAILABILITY = YES_AGGRESSIVE;
				CLANG_WARN_UNREACHABLE_CODE = YES;
				CLANG_WARN__DUPLICATE_METHOD_MATCH = YES;
				CODE_SIGN_IDENTITY = "iPhone Developer";
				COPY_PHASE_STRIP = NO;
				DEBUG_INFORMATION_FORMAT = "dwarf-with-dsym";
				ENABLE_NS_ASSERTIONS = NO;
				ENABLE_STRICT_OBJC_MSGSEND = YES;
				GCC_C_LANGUAGE_STANDARD = gnu11;
				GCC_NO_COMMON_BLOCKS = YES;
				GCC_WARN_64_TO_32_BIT_CONVERSION = YES;
				GCC_WARN_ABOUT_RETURN_TYPE = YES_ERROR;
				GCC_WARN_UNDECLARED_SELECTOR = YES;
				GCC_WARN_UNINITIALIZED_AUTOS = YES_AGGRESSIVE;
				GCC_WARN_UNUSED_FUNCTION = YES;
				GCC_WARN_UNUSED_VARIABLE = YES;
				IPHONEOS_DEPLOYMENT_TARGET = 11.2;
				MTL_ENABLE_DEBUG_INFO = NO;
				SDKROOT = iphoneos;
				SWIFT_OPTIMIZATION_LEVEL = "-Owholemodule";
				VALIDATE_PRODUCT = YES;
			};
			name = Release;
		};
		EF3CC459205AB90A00A6CB47 /* Debug */ = {
			isa = XCBuildConfiguration;
			buildSettings = {
				ASSETCATALOG_COMPILER_APPICON_NAME = AppIcon;
				CLANG_ENABLE_MODULES = YES;
				CODE_SIGN_STYLE = Automatic;
				INFOPLIST_FILE = SallePlaces/Info.plist;
				LD_RUNPATH_SEARCH_PATHS = "$(inherited) @executable_path/Frameworks";
				LIBRARY_SEARCH_PATHS = (
					"$(inherited)",
					"$(PROJECT_DIR)/SallePlaces",
				);
				PRODUCT_BUNDLE_IDENTIFIER = jtorrus.SallePlaces;
				PRODUCT_NAME = "$(TARGET_NAME)";
				SWIFT_OBJC_BRIDGING_HEADER = "SallePlaces-Bridging-Header.h";
				SWIFT_OPTIMIZATION_LEVEL = "-Onone";
				SWIFT_VERSION = 4.0;
				TARGETED_DEVICE_FAMILY = "1,2";
			};
			name = Debug;
		};
		EF3CC45A205AB90A00A6CB47 /* Release */ = {
			isa = XCBuildConfiguration;
			buildSettings = {
				ASSETCATALOG_COMPILER_APPICON_NAME = AppIcon;
				CLANG_ENABLE_MODULES = YES;
				CODE_SIGN_STYLE = Automatic;
				INFOPLIST_FILE = SallePlaces/Info.plist;
				LD_RUNPATH_SEARCH_PATHS = "$(inherited) @executable_path/Frameworks";
				LIBRARY_SEARCH_PATHS = (
					"$(inherited)",
					"$(PROJECT_DIR)/SallePlaces",
				);
				PRODUCT_BUNDLE_IDENTIFIER = jtorrus.SallePlaces;
				PRODUCT_NAME = "$(TARGET_NAME)";
				SWIFT_OBJC_BRIDGING_HEADER = "SallePlaces-Bridging-Header.h";
				SWIFT_VERSION = 4.0;
				TARGETED_DEVICE_FAMILY = "1,2";
			};
			name = Release;
		};
/* End XCBuildConfiguration section */

/* Begin XCConfigurationList section */
		EF3CC43F205AB90900A6CB47 /* Build configuration list for PBXProject "SallePlaces" */ = {
			isa = XCConfigurationList;
			buildConfigurations = (
				EF3CC456205AB90900A6CB47 /* Debug */,
				EF3CC457205AB90900A6CB47 /* Release */,
			);
			defaultConfigurationIsVisible = 0;
			defaultConfigurationName = Release;
		};
		EF3CC458205AB90A00A6CB47 /* Build configuration list for PBXNativeTarget "SallePlaces" */ = {
			isa = XCConfigurationList;
			buildConfigurations = (
				EF3CC459205AB90A00A6CB47 /* Debug */,
				EF3CC45A205AB90A00A6CB47 /* Release */,
			);
			defaultConfigurationIsVisible = 0;
			defaultConfigurationName = Release;
		};
/* End XCConfigurationList section */
	};
	rootObject = EF3CC43C205AB90900A6CB47 /* Project object */;
}
